
Microsoft Visual Studio Solution File, Format Version 12.00
# Visual Studio 15
VisualStudioVersion = 15.0.28307.852
MinimumVisualStudioVersion = 10.0.40219.1
Project("{FAE04EC0-301F-11D3-BF4B-00C04F79EFBC}") = "CourseAdvisor", "CourseAdvisor\CourseAdvisor.csproj", "{B23F9AB5-5AD9-41C7-85DD-7B00C3A0834E}"
EndProject
Global
	GlobalSection(SolutionConfigurationPlatforms) = preSolution
		Debug|Any CPU = Debug|Any CPU
		Release|Any CPU = Release|Any CPU
	EndGlobalSection
	GlobalSection(ProjectConfigurationPlatforms) = postSolution
		{B23F9AB5-5AD9-41C7-85DD-7B00C3A0834E}.Debug|Any CPU.ActiveCfg = Debug|Any CPU
		{B23F9AB5-5AD9-41C7-85DD-7B00C3A0834E}.Debug|Any CPU.Build.0 = Debug|Any CPU
		{B23F9AB5-5AD9-41C7-85DD-7B00C3A0834E}.Release|Any CPU.ActiveCfg = Release|Any CPU
		{B23F9AB5-5AD9-41C7-85DD-7B00C3A0834E}.Release|Any CPU.Build.0 = Release|Any CPU
	EndGlobalSection
	GlobalSection(SolutionProperties) = preSolution
		HideSolutionNode = FALSE
	EndGlobalSection
	GlobalSection(ExtensibilityGlobals) = postSolution
		SolutionGuid = {FB74320E-FBD0-4C02-BE8F-7F165682F702}
	EndGlobalSection
EndGlobal
